{
  "nodes": {
    "guix": {
      "inputs": {
        "nixpkgs": "nixpkgs"
      },
      "locked": {
        "lastModified": 1660930161,
        "narHash": "sha256-p7dBLuOz3RQ2IRGTJAfqutaU98kLyDe5O8EaQzSpM40=",
        "owner": "mmai",
        "repo": "guix-flake",
        "rev": "41bdbc50f3111e804423320836c4fbf815cc2b12",
        "type": "github"
      },
      "original": {
        "owner": "mmai",
        "repo": "guix-flake",
        "type": "github"
      }
    },
    "nixpkgs": {
      "locked": {
        "lastModified": 1660749083,
        "narHash": "sha256-GHLFMGH+r3OmI4tV0x/RtxN7DkHcH2ZOhK8uzQeSLiY=",
        "owner": "NixOS",
        "repo": "nixpkgs",
        "rev": "a55a7db823959cf509d55325201f1864af4574b9",
        "type": "github"
      },
      "original": {
        "owner": "NixOS",
        "ref": "nixos-22.05",
        "repo": "nixpkgs",
        "type": "github"
      }
    },
    "nixpkgs_2": {
      "locked": {
        "lastModified": 1660749083,
        "narHash": "sha256-GHLFMGH+r3OmI4tV0x/RtxN7DkHcH2ZOhK8uzQeSLiY=",
        "owner": "NixOS",
        "repo": "nixpkgs",
        "rev": "a55a7db823959cf509d55325201f1864af4574b9",
        "type": "github"
      },
      "original": {
        "owner": "NixOS",
        "ref": "nixos-22.05",
        "repo": "nixpkgs",
        "type": "github"
      }
    },
    "root": {
      "inputs": {
        "guix": "guix",
        "nixpkgs": "nixpkgs_2"
      }
    }
  },
  "root": "root",
  "version": 7
}
